
Microsoft Visual Studio Solution File, Format Version 12.00
# Visual Studio Version 17
VisualStudioVersion = 17.11.35222.181
MinimumVisualStudioVersion = 10.0.40219.1
Project("{FAE04EC0-301F-11D3-BF4B-00C04F79EFBC}") = "webapi", "webapi\webapi.csproj", "{240F2B2F-7ADE-4067-9000-53C4988CCBCB}"
EndProject
Global
	GlobalSection(SolutionConfigurationPlatforms) = preSolution
		Debug|Any CPU = Debug|Any CPU
		Release|Any CPU = Release|Any CPU
	EndGlobalSection
	GlobalSection(ProjectConfigurationPlatforms) = postSolution
		{240F2B2F-7ADE-4067-9000-53C4988CCBCB}.Debug|Any CPU.ActiveCfg = Debug|Any CPU
		{240F2B2F-7ADE-4067-9000-53C4988CCBCB}.Debug|Any CPU.Build.0 = Debug|Any CPU
		{240F2B2F-7ADE-4067-9000-53C4988CCBCB}.Release|Any CPU.ActiveCfg = Release|Any CPU
		{240F2B2F-7ADE-4067-9000-53C4988CCBCB}.Release|Any CPU.Build.0 = Release|Any CPU
	EndGlobalSection
	GlobalSection(SolutionProperties) = preSolution
		HideSolutionNode = FALSE
	EndGlobalSection
	GlobalSection(ExtensibilityGlobals) = postSolution
		SolutionGuid = {62DABACF-D33D-4C24-B123-815B02A20BAA}
	EndGlobalSection
EndGlobal
